{
	"name": "@geislabs/runner-executor",
	"version": "0.0.20",
	"lockfileVersion": 2,
	"requires": true,
	"packages": {
		"": {
			"name": "@geislabs/runner-executor",
			"version": "0.0.15",
			"license": "ISC",
			"devDependencies": {
				"@geislabs/runtime": "^0.0.70"
			}
		},
		"../runner-config": {
			"name": "@geislabs/runner-config",
			"version": "0.0.3",
			"extraneous": true,
			"license": "ISC",
			"dependencies": {
				"@geislabs/runner-plugin": "^0.0.3"
			}
		},
		"../runner-plugin": {
			"name": "@geislabs/runner-plugin",
			"version": "0.0.15",
			"extraneous": true,
			"license": "ISC"
		},
		"../runner-worker": {
			"name": "@geislabs/runner-worker",
			"version": "0.0.15",
			"extraneous": true,
			"license": "ISC",
			"devDependencies": {
				"@geislabs/runner-plugin": "^0.0.15"
			}
		},
		"node_modules/@geislabs/runtime": {
			"version": "0.0.70",
			"resolved": "https://registry.npmjs.org/@geislabs/runtime/-/runtime-0.0.70.tgz",
			"integrity": "sha512-c+agZpEtptYiqCKGCRGdeL0Mo6dExtTRbq+FCPbRSmAEMSwXs+I0Uqwi7XQCeODLEOdL93g4zyv6qP8nZ2ppFw==",
			"dev": true,
			"dependencies": {
				"@geislabs/runtime-event": "^0.0.70",
				"@geislabs/runtime-order": "^0.0.70",
				"@geislabs/runtime-plugin": "^0.0.70"
			}
		},
		"node_modules/@geislabs/runtime-event": {
			"version": "0.0.70",
			"resolved": "https://registry.npmjs.org/@geislabs/runtime-event/-/runtime-event-0.0.70.tgz",
			"integrity": "sha512-7q0wZOq8ecn6Ntb+8BEw2JItTBnl2sMeJ54xE0h3isGqWqMteiK8SQAS+iX8lFMQEoLecH5b4h9Atyj5XsAdOQ==",
			"dev": true
		},
		"node_modules/@geislabs/runtime-order": {
			"version": "0.0.70",
			"resolved": "https://registry.npmjs.org/@geislabs/runtime-order/-/runtime-order-0.0.70.tgz",
			"integrity": "sha512-OQVczHa54LeumOzH17SPYIjXizPWX6522X/FbZvtYDA4jXG5dChm9rHbTsMqXLYvyu2SDLYS7blppcpxwHvJQQ==",
			"dev": true,
			"dependencies": {
				"topological-sort": "^0.3.0"
			}
		},
		"node_modules/@geislabs/runtime-plugin": {
			"version": "0.0.70",
			"resolved": "https://registry.npmjs.org/@geislabs/runtime-plugin/-/runtime-plugin-0.0.70.tgz",
			"integrity": "sha512-nAFE1cdmsC3TuslpoZpkvnJRq6xKoOIfLHTEkgAnT9T2JceSTBC/fSkT04jcYAatNwli/TMNudHdfTRBmYv4bw==",
			"dev": true,
			"dependencies": {
				"@geislabs/runtime-event": "^0.0.70",
				"@geislabs/runtime-order": "^0.0.70",
				"autobind-decorator": "^2.4.0",
				"inversify": "^5.1.1",
				"memfs": "^3.2.2"
			}
		},
		"node_modules/autobind-decorator": {
			"version": "2.4.0",
			"resolved": "https://registry.npmjs.org/autobind-decorator/-/autobind-decorator-2.4.0.tgz",
			"integrity": "sha512-OGYhWUO72V6DafbF8PM8rm3EPbfuyMZcJhtm5/n26IDwO18pohE4eNazLoCGhPiXOCD0gEGmrbU3849QvM8bbw==",
			"dev": true,
			"engines": {
				"node": ">=8.10",
				"npm": ">=6.4.1"
			}
		},
		"node_modules/fs-monkey": {
			"version": "1.0.3",
			"resolved": "https://registry.npmjs.org/fs-monkey/-/fs-monkey-1.0.3.tgz",
			"integrity": "sha512-cybjIfiiE+pTWicSCLFHSrXZ6EilF30oh91FDP9S2B051prEa7QWfrVTQm10/dDpswBDXZugPa1Ogu8Yh+HV0Q==",
			"dev": true
		},
		"node_modules/inversify": {
			"version": "5.1.1",
			"resolved": "https://registry.npmjs.org/inversify/-/inversify-5.1.1.tgz",
			"integrity": "sha512-j8grHGDzv1v+8T1sAQ+3boTCntFPfvxLCkNcxB1J8qA0lUN+fAlSyYd+RXKvaPRL4AGyPxViutBEJHNXOyUdFQ==",
			"dev": true
		},
		"node_modules/memfs": {
			"version": "3.2.2",
			"resolved": "https://registry.npmjs.org/memfs/-/memfs-3.2.2.tgz",
			"integrity": "sha512-RE0CwmIM3CEvpcdK3rZ19BC4E6hv9kADkMN5rPduRak58cNArWLi/9jFLsa4rhsjfVxMP3v0jO7FHXq7SvFY5Q==",
			"dev": true,
			"dependencies": {
				"fs-monkey": "1.0.3"
			},
			"engines": {
				"node": ">= 4.0.0"
			}
		},
		"node_modules/topological-sort": {
			"version": "0.3.0",
			"resolved": "https://registry.npmjs.org/topological-sort/-/topological-sort-0.3.0.tgz",
			"integrity": "sha512-BmO2t72jjJ3B9PZC3LTHyojgNynOKEvWG4GiYqyfSMUjtO6+yZK0oozlMYVA+tC6YvS3NZh4OPx6QaolEYOg6A==",
			"dev": true,
			"engines": {
				"node": ">=8"
			}
		}
	},
	"dependencies": {
		"@geislabs/runtime": {
			"version": "0.0.70",
			"resolved": "https://registry.npmjs.org/@geislabs/runtime/-/runtime-0.0.70.tgz",
			"integrity": "sha512-c+agZpEtptYiqCKGCRGdeL0Mo6dExtTRbq+FCPbRSmAEMSwXs+I0Uqwi7XQCeODLEOdL93g4zyv6qP8nZ2ppFw==",
			"dev": true,
			"requires": {
				"@geislabs/runtime-event": "^0.0.70",
				"@geislabs/runtime-order": "^0.0.70",
				"@geislabs/runtime-plugin": "^0.0.70"
			}
		},
		"@geislabs/runtime-event": {
			"version": "0.0.70",
			"resolved": "https://registry.npmjs.org/@geislabs/runtime-event/-/runtime-event-0.0.70.tgz",
			"integrity": "sha512-7q0wZOq8ecn6Ntb+8BEw2JItTBnl2sMeJ54xE0h3isGqWqMteiK8SQAS+iX8lFMQEoLecH5b4h9Atyj5XsAdOQ==",
			"dev": true
		},
		"@geislabs/runtime-order": {
			"version": "0.0.70",
			"resolved": "https://registry.npmjs.org/@geislabs/runtime-order/-/runtime-order-0.0.70.tgz",
			"integrity": "sha512-OQVczHa54LeumOzH17SPYIjXizPWX6522X/FbZvtYDA4jXG5dChm9rHbTsMqXLYvyu2SDLYS7blppcpxwHvJQQ==",
			"dev": true,
			"requires": {
				"topological-sort": "^0.3.0"
			}
		},
		"@geislabs/runtime-plugin": {
			"version": "0.0.70",
			"resolved": "https://registry.npmjs.org/@geislabs/runtime-plugin/-/runtime-plugin-0.0.70.tgz",
			"integrity": "sha512-nAFE1cdmsC3TuslpoZpkvnJRq6xKoOIfLHTEkgAnT9T2JceSTBC/fSkT04jcYAatNwli/TMNudHdfTRBmYv4bw==",
			"dev": true,
			"requires": {
				"@geislabs/runtime-event": "^0.0.70",
				"@geislabs/runtime-order": "^0.0.70",
				"autobind-decorator": "^2.4.0",
				"inversify": "^5.1.1",
				"memfs": "^3.2.2"
			}
		},
		"autobind-decorator": {
			"version": "2.4.0",
			"resolved": "https://registry.npmjs.org/autobind-decorator/-/autobind-decorator-2.4.0.tgz",
			"integrity": "sha512-OGYhWUO72V6DafbF8PM8rm3EPbfuyMZcJhtm5/n26IDwO18pohE4eNazLoCGhPiXOCD0gEGmrbU3849QvM8bbw==",
			"dev": true
		},
		"fs-monkey": {
			"version": "1.0.3",
			"resolved": "https://registry.npmjs.org/fs-monkey/-/fs-monkey-1.0.3.tgz",
			"integrity": "sha512-cybjIfiiE+pTWicSCLFHSrXZ6EilF30oh91FDP9S2B051prEa7QWfrVTQm10/dDpswBDXZugPa1Ogu8Yh+HV0Q==",
			"dev": true
		},
		"inversify": {
			"version": "5.1.1",
			"resolved": "https://registry.npmjs.org/inversify/-/inversify-5.1.1.tgz",
			"integrity": "sha512-j8grHGDzv1v+8T1sAQ+3boTCntFPfvxLCkNcxB1J8qA0lUN+fAlSyYd+RXKvaPRL4AGyPxViutBEJHNXOyUdFQ==",
			"dev": true
		},
		"memfs": {
			"version": "3.2.2",
			"resolved": "https://registry.npmjs.org/memfs/-/memfs-3.2.2.tgz",
			"integrity": "sha512-RE0CwmIM3CEvpcdK3rZ19BC4E6hv9kADkMN5rPduRak58cNArWLi/9jFLsa4rhsjfVxMP3v0jO7FHXq7SvFY5Q==",
			"dev": true,
			"requires": {
				"fs-monkey": "1.0.3"
			}
		},
		"topological-sort": {
			"version": "0.3.0",
			"resolved": "https://registry.npmjs.org/topological-sort/-/topological-sort-0.3.0.tgz",
			"integrity": "sha512-BmO2t72jjJ3B9PZC3LTHyojgNynOKEvWG4GiYqyfSMUjtO6+yZK0oozlMYVA+tC6YvS3NZh4OPx6QaolEYOg6A==",
			"dev": true
		}
	}
}
