{
    "name": "@geislabs/runner",
    "version": "0.0.17",
    "lockfileVersion": 2,
    "requires": true,
    "packages": {
        "": {
            "name": "@geislabs/runner",
            "version": "0.0.3",
            "license": "ISC",
            "dependencies": {
                "@geislabs/runner-config": "^0.0.3",
                "@geislabs/runner-executor": "^0.0.3",
                "@geislabs/runner-plugin": "^0.0.3",
                "@geislabs/runner-worker": "^0.0.3"
            }
        },
        "../runner-config": {
            "name": "@geislabs/runner-config",
            "version": "0.0.3",
            "license": "ISC",
            "dependencies": {
                "@geislabs/runner-plugin": "^0.0.3"
            }
        },
        "../runner-config/node_modules/@geislabs/runner-plugin": {
            "resolved": "../runner-plugin",
            "link": true
        },
        "../runner-executor": {
            "name": "@geislabs/runner-executor",
            "version": "0.0.3",
            "license": "ISC",
            "devDependencies": {
                "@geislabs/runner-config": "^0.0.3",
                "@geislabs/runner-plugin": "^0.0.3",
                "@geislabs/runner-worker": "^0.0.3"
            }
        },
        "../runner-executor/node_modules/@geislabs/runner-config": {
            "resolved": "../runner-config",
            "link": true
        },
        "../runner-executor/node_modules/@geislabs/runner-plugin": {
            "resolved": "../runner-plugin",
            "link": true
        },
        "../runner-executor/node_modules/@geislabs/runner-worker": {
            "resolved": "../runner-worker",
            "link": true
        },
        "../runner-plugin": {
            "name": "@geislabs/runner-plugin",
            "version": "0.0.3",
            "license": "ISC"
        },
        "../runner-worker": {
            "name": "@geislabs/runner-worker",
            "version": "0.0.3",
            "dev": true,
            "license": "ISC",
            "devDependencies": {
                "@geislabs/runner-plugin": "^0.0.3"
            }
        },
        "../runner-worker/node_modules/@geislabs/runner-plugin": {
            "resolved": "../runner-plugin",
            "link": true
        },
        "node_modules/@geislabs/runner-config": {
            "resolved": "../runner-config",
            "link": true
        },
        "node_modules/@geislabs/runner-executor": {
            "resolved": "../runner-executor",
            "link": true
        },
        "node_modules/@geislabs/runner-plugin": {
            "resolved": "../runner-plugin",
            "link": true
        },
        "node_modules/@geislabs/runner-worker": {
            "resolved": "../runner-worker",
            "link": true
        }
    },
    "dependencies": {
        "@geislabs/runner-config": {
            "version": "file:../runner-config",
            "requires": {
                "@geislabs/runner-plugin": "^0.0.3"
            },
            "dependencies": {
                "@geislabs/runner-plugin": {
                    "version": "file:../runner-plugin"
                }
            }
        },
        "@geislabs/runner-executor": {
            "version": "file:../runner-executor",
            "requires": {
                "@geislabs/runner-config": "^0.0.3",
                "@geislabs/runner-plugin": "^0.0.3",
                "@geislabs/runner-worker": "^0.0.3"
            },
            "dependencies": {
                "@geislabs/runner-config": {
                    "version": "file:../runner-config",
                    "requires": {
                        "@geislabs/runner-plugin": "^0.0.3"
                    },
                    "dependencies": {
                        "@geislabs/runner-plugin": {
                            "version": "file:../runner-plugin"
                        }
                    }
                },
                "@geislabs/runner-plugin": {
                    "version": "file:../runner-plugin"
                },
                "@geislabs/runner-worker": {
                    "version": "file:../runner-worker",
                    "requires": {
                        "@geislabs/runner-plugin": "^0.0.3"
                    },
                    "dependencies": {
                        "@geislabs/runner-plugin": {
                            "version": "file:../runner-plugin"
                        }
                    }
                }
            }
        },
        "@geislabs/runner-plugin": {
            "version": "file:../runner-plugin"
        },
        "@geislabs/runner-worker": {
            "version": "file:../runner-worker",
            "requires": {
                "@geislabs/runner-plugin": "^0.0.3"
            },
            "dependencies": {
                "@geislabs/runner-plugin": {
                    "version": "file:../runner-plugin"
                }
            }
        }
    }
}
