{
    "name": "@geislabs/runner-config",
    "version": "0.0.3",
    "lockfileVersion": 2,
    "requires": true,
    "packages": {
        "": {
            "name": "@geislabs/runner-config",
            "version": "0.0.3",
            "license": "ISC",
            "dependencies": {
                "@geislabs/runner-plugin": "^0.0.3"
            }
        },
        "../runner-plugin": {
            "name": "@geislabs/runner-plugin",
            "version": "0.0.3",
            "license": "ISC"
        },
        "node_modules/@geislabs/runner-plugin": {
            "resolved": "../runner-plugin",
            "link": true
        }
    },
    "dependencies": {
        "@geislabs/runner-plugin": {
            "version": "file:../runner-plugin"
        }
    }
}
